
Microsoft Visual Studio Solution File, Format Version 12.00
# Visual Studio 14
VisualStudioVersion = 14.0.22609.0
MinimumVisualStudioVersion = 10.0.40219.1
Project("{2150E333-8FDC-42A3-9474-1A3956D46DE8}") = "build", "build", "{A77E91D3-24A0-4B8B-9C14-E900EE02008B}"
	ProjectSection(SolutionItems) = preProject
		makefile.shade = makefile.shade
	EndProjectSection
EndProject
Project("{2150E333-8FDC-42A3-9474-1A3956D46DE8}") = "src", "src", "{752850F2-6022-4585-8693-CDBB3B7A3CCB}"
EndProject
Project("{2150E333-8FDC-42A3-9474-1A3956D46DE8}") = "test", "test", "{67B208B7-4EBA-44DE-A66E-2A7868F78DAE}"
EndProject
Project("{2150E333-8FDC-42A3-9474-1A3956D46DE8}") = ".build", ".build", "{B3258334-3E1F-4A50-B655-5B8B617A4D66}"
	ProjectSection(SolutionItems) = preProject
		build.cmd = build.cmd
		build.sh = build.sh
	EndProjectSection
EndProject
Project("{2150E333-8FDC-42A3-9474-1A3956D46DE8}") = ".config", ".config", "{51EEDA5A-4879-4989-B15A-2423FCE8FD27}"
	ProjectSection(SolutionItems) = preProject
		.editorconfig = .editorconfig
		.gitattributes = .gitattributes
		.gitignore = .gitignore
		appveyor.yml = appveyor.yml
		global.json = global.json
		NuGet.config = NuGet.config
	EndProjectSection
EndProject
Project("{8BB2217D-0F2D-49D1-97BC-3654ED321F3B}") = "Blacklite.Framework.Annotations", "src\Blacklite.Framework.Annotations\Blacklite.Framework.Annotations.kproj", "{B60457F4-B3FD-40BE-8220-1BF5B62FB6EF}"
EndProject
Project("{8BB2217D-0F2D-49D1-97BC-3654ED321F3B}") = "Blacklite.Framework.Domain.Process", "src\Blacklite.Framework.Domain.Process\Blacklite.Framework.Domain.Process.kproj", "{B0E61C80-8961-4F04-AABF-B1B5B9812E63}"
EndProject
Project("{8BB2217D-0F2D-49D1-97BC-3654ED321F3B}") = "Blacklite.Framework.Domain.Requests", "src\Blacklite.Framework.Domain.Requests\Blacklite.Framework.Domain.Requests.kproj", "{2AC4D9B4-63CC-406D-BA1C-A5EA9278D67F}"
EndProject
Project("{8BB2217D-0F2D-49D1-97BC-3654ED321F3B}") = "Blacklite.Framework.Presentation.Annotations", "src\Blacklite.Framework.Presentation.Annotations\Blacklite.Framework.Presentation.Annotations.kproj", "{9E1B3093-5E30-4B18-B1CD-D887C749F8D9}"
EndProject
Project("{8BB2217D-0F2D-49D1-97BC-3654ED321F3B}") = "Annotations.Tests", "test\Annotations.Tests\Annotations.Tests.kproj", "{D6402DB9-26A6-4D8D-BDF9-9A96613FE988}"
EndProject
Project("{8BB2217D-0F2D-49D1-97BC-3654ED321F3B}") = "Domain.Process.Tests", "test\Domain.Process.Tests\Domain.Process.Tests.kproj", "{1A4FCFE1-4ABC-46E3-92DE-6D0E46CF7F12}"
EndProject
Project("{8BB2217D-0F2D-49D1-97BC-3654ED321F3B}") = "Presentation.Annotations.Tests", "test\Presentation.Annotations.Tests\Presentation.Annotations.Tests.kproj", "{1F1C03EE-3BA7-42B7-AEAD-032D9A3A12E7}"
EndProject
Global
	GlobalSection(SolutionConfigurationPlatforms) = preSolution
		Debug|Any CPU = Debug|Any CPU
		Release|Any CPU = Release|Any CPU
	EndGlobalSection
	GlobalSection(ProjectConfigurationPlatforms) = postSolution
		{B60457F4-B3FD-40BE-8220-1BF5B62FB6EF}.Debug|Any CPU.ActiveCfg = Debug|Any CPU
		{B60457F4-B3FD-40BE-8220-1BF5B62FB6EF}.Debug|Any CPU.Build.0 = Debug|Any CPU
		{B60457F4-B3FD-40BE-8220-1BF5B62FB6EF}.Release|Any CPU.ActiveCfg = Release|Any CPU
		{B60457F4-B3FD-40BE-8220-1BF5B62FB6EF}.Release|Any CPU.Build.0 = Release|Any CPU
		{B0E61C80-8961-4F04-AABF-B1B5B9812E63}.Debug|Any CPU.ActiveCfg = Debug|Any CPU
		{B0E61C80-8961-4F04-AABF-B1B5B9812E63}.Debug|Any CPU.Build.0 = Debug|Any CPU
		{B0E61C80-8961-4F04-AABF-B1B5B9812E63}.Release|Any CPU.ActiveCfg = Release|Any CPU
		{B0E61C80-8961-4F04-AABF-B1B5B9812E63}.Release|Any CPU.Build.0 = Release|Any CPU
		{2AC4D9B4-63CC-406D-BA1C-A5EA9278D67F}.Debug|Any CPU.ActiveCfg = Debug|Any CPU
		{2AC4D9B4-63CC-406D-BA1C-A5EA9278D67F}.Debug|Any CPU.Build.0 = Debug|Any CPU
		{2AC4D9B4-63CC-406D-BA1C-A5EA9278D67F}.Release|Any CPU.ActiveCfg = Release|Any CPU
		{2AC4D9B4-63CC-406D-BA1C-A5EA9278D67F}.Release|Any CPU.Build.0 = Release|Any CPU
		{9E1B3093-5E30-4B18-B1CD-D887C749F8D9}.Debug|Any CPU.ActiveCfg = Debug|Any CPU
		{9E1B3093-5E30-4B18-B1CD-D887C749F8D9}.Debug|Any CPU.Build.0 = Debug|Any CPU
		{9E1B3093-5E30-4B18-B1CD-D887C749F8D9}.Release|Any CPU.ActiveCfg = Release|Any CPU
		{9E1B3093-5E30-4B18-B1CD-D887C749F8D9}.Release|Any CPU.Build.0 = Release|Any CPU
		{D6402DB9-26A6-4D8D-BDF9-9A96613FE988}.Debug|Any CPU.ActiveCfg = Debug|Any CPU
		{D6402DB9-26A6-4D8D-BDF9-9A96613FE988}.Debug|Any CPU.Build.0 = Debug|Any CPU
		{D6402DB9-26A6-4D8D-BDF9-9A96613FE988}.Release|Any CPU.ActiveCfg = Release|Any CPU
		{D6402DB9-26A6-4D8D-BDF9-9A96613FE988}.Release|Any CPU.Build.0 = Release|Any CPU
		{1A4FCFE1-4ABC-46E3-92DE-6D0E46CF7F12}.Debug|Any CPU.ActiveCfg = Debug|Any CPU
		{1A4FCFE1-4ABC-46E3-92DE-6D0E46CF7F12}.Debug|Any CPU.Build.0 = Debug|Any CPU
		{1A4FCFE1-4ABC-46E3-92DE-6D0E46CF7F12}.Release|Any CPU.ActiveCfg = Release|Any CPU
		{1A4FCFE1-4ABC-46E3-92DE-6D0E46CF7F12}.Release|Any CPU.Build.0 = Release|Any CPU
		{1F1C03EE-3BA7-42B7-AEAD-032D9A3A12E7}.Debug|Any CPU.ActiveCfg = Debug|Any CPU
		{1F1C03EE-3BA7-42B7-AEAD-032D9A3A12E7}.Debug|Any CPU.Build.0 = Debug|Any CPU
		{1F1C03EE-3BA7-42B7-AEAD-032D9A3A12E7}.Release|Any CPU.ActiveCfg = Release|Any CPU
		{1F1C03EE-3BA7-42B7-AEAD-032D9A3A12E7}.Release|Any CPU.Build.0 = Release|Any CPU
	EndGlobalSection
	GlobalSection(SolutionProperties) = preSolution
		HideSolutionNode = FALSE
	EndGlobalSection
	GlobalSection(NestedProjects) = preSolution
		{B60457F4-B3FD-40BE-8220-1BF5B62FB6EF} = {752850F2-6022-4585-8693-CDBB3B7A3CCB}
		{B0E61C80-8961-4F04-AABF-B1B5B9812E63} = {752850F2-6022-4585-8693-CDBB3B7A3CCB}
		{2AC4D9B4-63CC-406D-BA1C-A5EA9278D67F} = {752850F2-6022-4585-8693-CDBB3B7A3CCB}
		{9E1B3093-5E30-4B18-B1CD-D887C749F8D9} = {752850F2-6022-4585-8693-CDBB3B7A3CCB}
		{D6402DB9-26A6-4D8D-BDF9-9A96613FE988} = {67B208B7-4EBA-44DE-A66E-2A7868F78DAE}
		{1A4FCFE1-4ABC-46E3-92DE-6D0E46CF7F12} = {67B208B7-4EBA-44DE-A66E-2A7868F78DAE}
		{1F1C03EE-3BA7-42B7-AEAD-032D9A3A12E7} = {67B208B7-4EBA-44DE-A66E-2A7868F78DAE}
	EndGlobalSection
EndGlobal
